// !$*UTF8*$!
{
	archiveVersion = 1;
	classes = {};
	objectVersion = 77;
	objects = {

/* Begin PBXBuildFile section */
		100000000000000000000001 /* NotoApplication.swift in Sources */ = {isa = PBXBuildFile; fileRef = 200000000000000000000001 /* NotoApplication.swift */; };
		100000000000000000000002 /* AppDelegate.swift in Sources */ = {isa = PBXBuildFile; fileRef = 200000000000000000000002 /* AppDelegate.swift */; };
		100000000000000000000003 /* EditorViewController.swift in Sources */ = {isa = PBXBuildFile; fileRef = 200000000000000000000003 /* EditorViewController.swift */; };
		100000000000000000000004 /* EditorResourceSchemeHandler.swift in Sources */ = {isa = PBXBuildFile; fileRef = 200000000000000000000004 /* EditorResourceSchemeHandler.swift */; };
		100000000000000000000005 /* WebKit.framework in Frameworks */ = {isa = PBXBuildFile; fileRef = 200000000000000000000007 /* WebKit.framework */; };
		100000000000000000000006 /* BootstrapConfigurationTests.swift in Sources */ = {isa = PBXBuildFile; fileRef = 200000000000000000000008 /* BootstrapConfigurationTests.swift */; };
		100000000000000000000007 /* XCTest.framework in Frameworks */ = {isa = PBXBuildFile; fileRef = 200000000000000000000009 /* XCTest.framework */; };
/* End PBXBuildFile section */

/* Begin PBXContainerItemProxy section */
		300000000000000000000001 /* PBXContainerItemProxy */ = {
			isa = PBXContainerItemProxy;
			containerPortal = 400000000000000000000001 /* Project object */;
			proxyType = 1;
			remoteGlobalIDString = 500000000000000000000001;
			remoteInfo = Noto;
		};
/* End PBXContainerItemProxy section */

/* Begin PBXFileReference section */
		200000000000000000000001 /* NotoApplication.swift */ = {isa = PBXFileReference; lastKnownFileType = sourcecode.swift; path = NotoApplication.swift; sourceTree = "<group>"; };
		200000000000000000000002 /* AppDelegate.swift */ = {isa = PBXFileReference; lastKnownFileType = sourcecode.swift; path = AppDelegate.swift; sourceTree = "<group>"; };
		200000000000000000000003 /* EditorViewController.swift */ = {isa = PBXFileReference; lastKnownFileType = sourcecode.swift; path = EditorViewController.swift; sourceTree = "<group>"; };
		200000000000000000000004 /* EditorResourceSchemeHandler.swift */ = {isa = PBXFileReference; lastKnownFileType = sourcecode.swift; path = EditorResourceSchemeHandler.swift; sourceTree = "<group>"; };
		200000000000000000000005 /* Noto.entitlements */ = {isa = PBXFileReference; lastKnownFileType = text.plist.entitlements; path = Noto.entitlements; sourceTree = "<group>"; };
		200000000000000000000006 /* Noto.app */ = {isa = PBXFileReference; explicitFileType = wrapper.application; includeInIndex = 0; path = Noto.app; sourceTree = BUILT_PRODUCTS_DIR; };
		200000000000000000000007 /* WebKit.framework */ = {isa = PBXFileReference; lastKnownFileType = wrapper.framework; name = WebKit.framework; path = System/Library/Frameworks/WebKit.framework; sourceTree = SDKROOT; };
		200000000000000000000008 /* BootstrapConfigurationTests.swift */ = {isa = PBXFileReference; lastKnownFileType = sourcecode.swift; path = BootstrapConfigurationTests.swift; sourceTree = "<group>"; };
		200000000000000000000009 /* XCTest.framework */ = {isa = PBXFileReference; lastKnownFileType = wrapper.framework; name = XCTest.framework; path = System/Library/Frameworks/XCTest.framework; sourceTree = SDKROOT; };
		20000000000000000000000A /* NotoAppTests.xctest */ = {isa = PBXFileReference; explicitFileType = wrapper.cfbundle; includeInIndex = 0; path = NotoAppTests.xctest; sourceTree = BUILT_PRODUCTS_DIR; };
/* End PBXFileReference section */

/* Begin PBXFrameworksBuildPhase section */
		600000000000000000000001 /* Frameworks */ = {isa = PBXFrameworksBuildPhase; buildActionMask = 2147483647; files = (100000000000000000000005 /* WebKit.framework in Frameworks */,); runOnlyForDeploymentPostprocessing = 0; };
		600000000000000000000002 /* Frameworks */ = {isa = PBXFrameworksBuildPhase; buildActionMask = 2147483647; files = (100000000000000000000007 /* XCTest.framework in Frameworks */,); runOnlyForDeploymentPostprocessing = 0; };
/* End PBXFrameworksBuildPhase section */

/* Begin PBXGroup section */
		700000000000000000000001 = {isa = PBXGroup; children = (700000000000000000000002 /* Sources */, 700000000000000000000006 /* Tests */, 700000000000000000000007 /* Frameworks */, 700000000000000000000008 /* Products */,); sourceTree = "<group>"; };
		700000000000000000000002 /* Sources */ = {isa = PBXGroup; children = (700000000000000000000003 /* NotoApp */,); path = Sources; sourceTree = "<group>"; };
		700000000000000000000003 /* NotoApp */ = {isa = PBXGroup; children = (700000000000000000000004 /* App */, 700000000000000000000005 /* Editor */, 200000000000000000000005 /* Noto.entitlements */,); path = NotoApp; sourceTree = "<group>"; };
		700000000000000000000004 /* App */ = {isa = PBXGroup; children = (200000000000000000000001 /* NotoApplication.swift */, 200000000000000000000002 /* AppDelegate.swift */,); path = App; sourceTree = "<group>"; };
		700000000000000000000005 /* Editor */ = {isa = PBXGroup; children = (200000000000000000000003 /* EditorViewController.swift */, 200000000000000000000004 /* EditorResourceSchemeHandler.swift */,); path = Editor; sourceTree = "<group>"; };
		700000000000000000000006 /* Tests */ = {isa = PBXGroup; children = (700000000000000000000009 /* NotoAppTests */,); path = Tests; sourceTree = "<group>"; };
		700000000000000000000007 /* Frameworks */ = {isa = PBXGroup; children = (200000000000000000000007 /* WebKit.framework */, 200000000000000000000009 /* XCTest.framework */,); name = Frameworks; sourceTree = "<group>"; };
		700000000000000000000008 /* Products */ = {isa = PBXGroup; children = (200000000000000000000006 /* Noto.app */, 20000000000000000000000A /* NotoAppTests.xctest */,); name = Products; sourceTree = "<group>"; };
		700000000000000000000009 /* NotoAppTests */ = {isa = PBXGroup; children = (200000000000000000000008 /* BootstrapConfigurationTests.swift */,); path = NotoAppTests; sourceTree = "<group>"; };
/* End PBXGroup section */

/* Begin PBXNativeTarget section */
		500000000000000000000001 /* Noto */ = {
			isa = PBXNativeTarget;
			buildConfigurationList = 800000000000000000000002 /* Build configuration list for PBXNativeTarget "Noto" */;
			buildPhases = (900000000000000000000001 /* Sources */, 600000000000000000000001 /* Frameworks */, 900000000000000000000003 /* Resources */, 900000000000000000000004 /* Bundle WebEditor */,);
			buildRules = ();
			dependencies = ();
			name = Noto;
			productName = Noto;
			productReference = 200000000000000000000006 /* Noto.app */;
			productType = "com.apple.product-type.application";
		};
		500000000000000000000002 /* NotoAppTests */ = {
			isa = PBXNativeTarget;
			buildConfigurationList = 800000000000000000000003 /* Build configuration list for PBXNativeTarget "NotoAppTests" */;
			buildPhases = (900000000000000000000002 /* Sources */, 600000000000000000000002 /* Frameworks */, 900000000000000000000005 /* Resources */,);
			buildRules = ();
			dependencies = (A00000000000000000000001 /* PBXTargetDependency */,);
			name = NotoAppTests;
			productName = NotoAppTests;
			productReference = 20000000000000000000000A /* NotoAppTests.xctest */;
			productType = "com.apple.product-type.bundle.unit-test";
		};
/* End PBXNativeTarget section */

/* Begin PBXProject section */
		400000000000000000000001 /* Project object */ = {
			isa = PBXProject;
			attributes = {BuildIndependentTargetsInParallel = 1; LastSwiftUpdateCheck = 2650; LastUpgradeCheck = 2650; TargetAttributes = {500000000000000000000001 = {CreatedOnToolsVersion = 26.0;}; 500000000000000000000002 = {CreatedOnToolsVersion = 26.0; TestTargetID = 500000000000000000000001;};};};
			buildConfigurationList = 800000000000000000000001 /* Build configuration list for PBXProject "Noto" */;
			compatibilityVersion = "Xcode 16.0";
			developmentRegion = en;
			hasScannedForEncodings = 0;
			knownRegions = (en, Base,);
			mainGroup = 700000000000000000000001;
			productRefGroup = 700000000000000000000008 /* Products */;
			projectDirPath = "";
			projectRoot = "";
			targets = (500000000000000000000001 /* Noto */, 500000000000000000000002 /* NotoAppTests */,);
		};
/* End PBXProject section */

/* Begin PBXResourcesBuildPhase section */
		900000000000000000000003 /* Resources */ = {isa = PBXResourcesBuildPhase; buildActionMask = 2147483647; files = (); runOnlyForDeploymentPostprocessing = 0; };
		900000000000000000000005 /* Resources */ = {isa = PBXResourcesBuildPhase; buildActionMask = 2147483647; files = (); runOnlyForDeploymentPostprocessing = 0; };
/* End PBXResourcesBuildPhase section */

/* Begin PBXShellScriptBuildPhase section */
		900000000000000000000004 /* Bundle WebEditor */ = {
			isa = PBXShellScriptBuildPhase;
			alwaysOutOfDate = 1;
			buildActionMask = 2147483647;
			files = ();
			inputPaths = ("$(SRCROOT)/WebEditor/dist",);
			name = "Bundle WebEditor";
			outputPaths = ("$(TARGET_BUILD_DIR)/$(UNLOCALIZED_RESOURCES_FOLDER_PATH)/Editor",);
			runOnlyForDeploymentPostprocessing = 0;
			shellPath = /bin/sh;
			shellScript = "set -eu\nsource_dir=\"${SRCROOT}/WebEditor/dist\"\ndestination=\"${TARGET_BUILD_DIR}/${UNLOCALIZED_RESOURCES_FOLDER_PATH}/Editor\"\nfor resource in index.html editor.css editor.js; do\n  if [ ! -f \"${source_dir}/${resource}\" ]; then\n    echo \"error: missing required WebEditor bundle resource: ${source_dir}/${resource}\" >&2\n    exit 1\n  fi\ndone\nrm -rf \"${destination}\"\nmkdir -p \"${destination}\"\n/usr/bin/ditto \"${source_dir}\" \"${destination}\"\n";
		};
/* End PBXShellScriptBuildPhase section */

/* Begin PBXSourcesBuildPhase section */
		900000000000000000000001 /* Sources */ = {isa = PBXSourcesBuildPhase; buildActionMask = 2147483647; files = (100000000000000000000001, 100000000000000000000002, 100000000000000000000003, 100000000000000000000004,); runOnlyForDeploymentPostprocessing = 0; };
		900000000000000000000002 /* Sources */ = {isa = PBXSourcesBuildPhase; buildActionMask = 2147483647; files = (100000000000000000000006,); runOnlyForDeploymentPostprocessing = 0; };
/* End PBXSourcesBuildPhase section */

/* Begin PBXTargetDependency section */
		A00000000000000000000001 /* PBXTargetDependency */ = {isa = PBXTargetDependency; target = 500000000000000000000001 /* Noto */; targetProxy = 300000000000000000000001 /* PBXContainerItemProxy */; };
/* End PBXTargetDependency section */

/* Begin XCBuildConfiguration section */
		B00000000000000000000001 /* Debug */ = {isa = XCBuildConfiguration; buildSettings = {ALWAYS_SEARCH_USER_PATHS = NO; CLANG_ENABLE_MODULES = YES; CLANG_ENABLE_OBJC_ARC = YES; COPY_PHASE_STRIP = NO; DEBUG_INFORMATION_FORMAT = dwarf; ENABLE_TESTABILITY = YES; GCC_C_LANGUAGE_STANDARD = gnu17; GCC_OPTIMIZATION_LEVEL = 0; MACOSX_DEPLOYMENT_TARGET = 14.0; ONLY_ACTIVE_ARCH = YES; SDKROOT = macosx; SWIFT_ACTIVE_COMPILATION_CONDITIONS = "DEBUG $(inherited)"; SWIFT_OPTIMIZATION_LEVEL = "-Onone";}; name = Debug; };
		B00000000000000000000002 /* Release */ = {isa = XCBuildConfiguration; buildSettings = {ALWAYS_SEARCH_USER_PATHS = NO; CLANG_ENABLE_MODULES = YES; CLANG_ENABLE_OBJC_ARC = YES; COPY_PHASE_STRIP = NO; DEBUG_INFORMATION_FORMAT = "dwarf-with-dsym"; ENABLE_NS_ASSERTIONS = NO; GCC_C_LANGUAGE_STANDARD = gnu17; MACOSX_DEPLOYMENT_TARGET = 14.0; SDKROOT = macosx; SWIFT_COMPILATION_MODE = wholemodule; SWIFT_OPTIMIZATION_LEVEL = "-O";}; name = Release; };
		B00000000000000000000003 /* Debug */ = {isa = XCBuildConfiguration; buildSettings = {CODE_SIGN_ENTITLEMENTS = Sources/NotoApp/Noto.entitlements; CODE_SIGN_STYLE = Automatic; CURRENT_PROJECT_VERSION = 1; ENABLE_APP_SANDBOX = YES; ENABLE_HARDENED_RUNTIME = YES; ENABLE_USER_SCRIPT_SANDBOXING = NO; GENERATE_INFOPLIST_FILE = YES; INFOPLIST_KEY_LSApplicationCategoryType = "public.app-category.productivity"; INFOPLIST_KEY_NSPrincipalClass = NSApplication; LD_RUNPATH_SEARCH_PATHS = "$(inherited) @executable_path/../Frameworks"; MACOSX_DEPLOYMENT_TARGET = 14.0; MARKETING_VERSION = 0.1.0; PRODUCT_BUNDLE_IDENTIFIER = com.roobli.Noto; PRODUCT_NAME = "$(TARGET_NAME)"; SWIFT_EMIT_LOC_STRINGS = YES; SWIFT_STRICT_CONCURRENCY = complete; SWIFT_VERSION = 6.0;}; name = Debug; };
		B00000000000000000000004 /* Release */ = {isa = XCBuildConfiguration; buildSettings = {CODE_SIGN_ENTITLEMENTS = Sources/NotoApp/Noto.entitlements; CODE_SIGN_STYLE = Automatic; CURRENT_PROJECT_VERSION = 1; ENABLE_APP_SANDBOX = YES; ENABLE_HARDENED_RUNTIME = YES; ENABLE_USER_SCRIPT_SANDBOXING = NO; GENERATE_INFOPLIST_FILE = YES; INFOPLIST_KEY_LSApplicationCategoryType = "public.app-category.productivity"; INFOPLIST_KEY_NSPrincipalClass = NSApplication; LD_RUNPATH_SEARCH_PATHS = "$(inherited) @executable_path/../Frameworks"; MACOSX_DEPLOYMENT_TARGET = 14.0; MARKETING_VERSION = 0.1.0; PRODUCT_BUNDLE_IDENTIFIER = com.roobli.Noto; PRODUCT_NAME = "$(TARGET_NAME)"; SWIFT_EMIT_LOC_STRINGS = YES; SWIFT_STRICT_CONCURRENCY = complete; SWIFT_VERSION = 6.0;}; name = Release; };
		B00000000000000000000005 /* Debug */ = {isa = XCBuildConfiguration; buildSettings = {BUNDLE_LOADER = "$(TEST_HOST)"; CODE_SIGN_STYLE = Automatic; GENERATE_INFOPLIST_FILE = YES; MACOSX_DEPLOYMENT_TARGET = 14.0; PRODUCT_BUNDLE_IDENTIFIER = com.roobli.NotoTests; PRODUCT_NAME = "$(TARGET_NAME)"; SWIFT_STRICT_CONCURRENCY = complete; SWIFT_VERSION = 6.0; TEST_HOST = "$(BUILT_PRODUCTS_DIR)/Noto.app/Contents/MacOS/Noto";}; name = Debug; };
		B00000000000000000000006 /* Release */ = {isa = XCBuildConfiguration; buildSettings = {BUNDLE_LOADER = "$(TEST_HOST)"; CODE_SIGN_STYLE = Automatic; GENERATE_INFOPLIST_FILE = YES; MACOSX_DEPLOYMENT_TARGET = 14.0; PRODUCT_BUNDLE_IDENTIFIER = com.roobli.NotoTests; PRODUCT_NAME = "$(TARGET_NAME)"; SWIFT_STRICT_CONCURRENCY = complete; SWIFT_VERSION = 6.0; TEST_HOST = "$(BUILT_PRODUCTS_DIR)/Noto.app/Contents/MacOS/Noto";}; name = Release; };
/* End XCBuildConfiguration section */

/* Begin XCConfigurationList section */
		800000000000000000000001 /* Build configuration list for PBXProject "Noto" */ = {isa = XCConfigurationList; buildConfigurations = (B00000000000000000000001 /* Debug */, B00000000000000000000002 /* Release */,); defaultConfigurationIsVisible = 0; defaultConfigurationName = Release; };
		800000000000000000000002 /* Build configuration list for PBXNativeTarget "Noto" */ = {isa = XCConfigurationList; buildConfigurations = (B00000000000000000000003 /* Debug */, B00000000000000000000004 /* Release */,); defaultConfigurationIsVisible = 0; defaultConfigurationName = Release; };
		800000000000000000000003 /* Build configuration list for PBXNativeTarget "NotoAppTests" */ = {isa = XCConfigurationList; buildConfigurations = (B00000000000000000000005 /* Debug */, B00000000000000000000006 /* Release */,); defaultConfigurationIsVisible = 0; defaultConfigurationName = Release; };
/* End XCConfigurationList section */
	};
	rootObject = 400000000000000000000001 /* Project object */;
}
